
Microsoft Visual Studio Solution File, Format Version 12.00
# Visual Studio for Mac
Project("{FAE04EC0-301F-11D3-BF4B-00C04F79EFBC}") = "Assembly-CSharp", "Assembly-CSharp.csproj", "{76EC0281-163F-FEAD-D621-E79C57D63131}"
EndProject
Project("{FAE04EC0-301F-11D3-BF4B-00C04F79EFBC}") = "Assembly-CSharp-Editor", "Assembly-CSharp-Editor.csproj", "{8685E8B0-5E08-7C27-6529-E536CD786D50}"
EndProject
Global
	GlobalSection(SolutionConfigurationPlatforms) = preSolution
		Debug|Any CPU = Debug|Any CPU
		Release|Any CPU = Release|Any CPU
	EndGlobalSection
	GlobalSection(ProjectConfigurationPlatforms) = postSolution
		{76EC0281-163F-FEAD-D621-E79C57D63131}.Debug|Any CPU.ActiveCfg = Debug|Any CPU
		{76EC0281-163F-FEAD-D621-E79C57D63131}.Debug|Any CPU.Build.0 = Debug|Any CPU
		{76EC0281-163F-FEAD-D621-E79C57D63131}.Release|Any CPU.ActiveCfg = Release|Any CPU
		{76EC0281-163F-FEAD-D621-E79C57D63131}.Release|Any CPU.Build.0 = Release|Any CPU
		{8685E8B0-5E08-7C27-6529-E536CD786D50}.Debug|Any CPU.ActiveCfg = Debug|Any CPU
		{8685E8B0-5E08-7C27-6529-E536CD786D50}.Debug|Any CPU.Build.0 = Debug|Any CPU
		{8685E8B0-5E08-7C27-6529-E536CD786D50}.Release|Any CPU.ActiveCfg = Release|Any CPU
		{8685E8B0-5E08-7C27-6529-E536CD786D50}.Release|Any CPU.Build.0 = Release|Any CPU
	EndGlobalSection
	GlobalSection(SolutionProperties) = preSolution
		HideSolutionNode = FALSE
	EndGlobalSection
EndGlobal
